
Microsoft Visual Studio Solution File, Format Version 12.00
# Visual Studio Version 16
VisualStudioVersion = 16.0.30114.105
MinimumVisualStudioVersion = 10.0.40219.1
Project("{FAE04EC0-301F-11D3-BF4B-00C04F79EFBC}") = "Overview", "src\Overview\Overview.csproj", "{2C65EAB1-3636-4EC2-9462-146235206D78}"
EndProject
Project("{FAE04EC0-301F-11D3-BF4B-00C04F79EFBC}") = "VideoApi", "src\VideoApi\VideoApi.csproj", "{61E69A1D-09AB-4A57-9D0D-5671300F6C0F}"
EndProject
Project("{2150E333-8FDC-42A3-9474-1A3956D46DE8}") = "Content", "Content", "{58D802B6-3707-401F-B209-A35C64C19DEA}"
	ProjectSection(SolutionItems) = preProject
		.gitignore = .gitignore
	EndProjectSection
EndProject
Global
	GlobalSection(SolutionConfigurationPlatforms) = preSolution
		Debug|Any CPU = Debug|Any CPU
		Release|Any CPU = Release|Any CPU
	EndGlobalSection
	GlobalSection(SolutionProperties) = preSolution
		HideSolutionNode = FALSE
	EndGlobalSection
	GlobalSection(ProjectConfigurationPlatforms) = postSolution
		{2C65EAB1-3636-4EC2-9462-146235206D78}.Debug|Any CPU.ActiveCfg = Debug|Any CPU
		{2C65EAB1-3636-4EC2-9462-146235206D78}.Debug|Any CPU.Build.0 = Debug|Any CPU
		{2C65EAB1-3636-4EC2-9462-146235206D78}.Release|Any CPU.ActiveCfg = Release|Any CPU
		{2C65EAB1-3636-4EC2-9462-146235206D78}.Release|Any CPU.Build.0 = Release|Any CPU
		{61E69A1D-09AB-4A57-9D0D-5671300F6C0F}.Debug|Any CPU.ActiveCfg = Debug|Any CPU
		{61E69A1D-09AB-4A57-9D0D-5671300F6C0F}.Debug|Any CPU.Build.0 = Debug|Any CPU
		{61E69A1D-09AB-4A57-9D0D-5671300F6C0F}.Release|Any CPU.ActiveCfg = Release|Any CPU
		{61E69A1D-09AB-4A57-9D0D-5671300F6C0F}.Release|Any CPU.Build.0 = Release|Any CPU
	EndGlobalSection
EndGlobal
